
Microsoft Visual Studio Solution File, Format Version 12.00
# Visual Studio Version 16
VisualStudioVersion = 16.0.31229.75
MinimumVisualStudioVersion = 10.0.40219.1
Project("{9A19103F-16F7-4668-BE54-9A1E7A4F7556}") = "lab2.visual programm", "lab2.visual programm.csproj", "{496F7390-1F57-4214-9A0A-21AB82385E61}"
EndProject
Project("{FAE04EC0-301F-11D3-BF4B-00C04F79EFBC}") = "lab2.visual programmTests", "..\lab2.visual programmTests\lab2.visual programmTests.csproj", "{C9CA641F-DFA8-4DAA-8E23-48B37D2E8A43}"
EndProject
Global
	GlobalSection(SolutionConfigurationPlatforms) = preSolution
		Debug|Any CPU = Debug|Any CPU
		Release|Any CPU = Release|Any CPU
	EndGlobalSection
	GlobalSection(ProjectConfigurationPlatforms) = postSolution
		{496F7390-1F57-4214-9A0A-21AB82385E61}.Debug|Any CPU.ActiveCfg = Debug|Any CPU
		{496F7390-1F57-4214-9A0A-21AB82385E61}.Debug|Any CPU.Build.0 = Debug|Any CPU
		{496F7390-1F57-4214-9A0A-21AB82385E61}.Release|Any CPU.ActiveCfg = Release|Any CPU
		{496F7390-1F57-4214-9A0A-21AB82385E61}.Release|Any CPU.Build.0 = Release|Any CPU
		{C9CA641F-DFA8-4DAA-8E23-48B37D2E8A43}.Debug|Any CPU.ActiveCfg = Debug|Any CPU
		{C9CA641F-DFA8-4DAA-8E23-48B37D2E8A43}.Debug|Any CPU.Build.0 = Debug|Any CPU
		{C9CA641F-DFA8-4DAA-8E23-48B37D2E8A43}.Release|Any CPU.ActiveCfg = Release|Any CPU
		{C9CA641F-DFA8-4DAA-8E23-48B37D2E8A43}.Release|Any CPU.Build.0 = Release|Any CPU
	EndGlobalSection
	GlobalSection(SolutionProperties) = preSolution
		HideSolutionNode = FALSE
	EndGlobalSection
	GlobalSection(ExtensibilityGlobals) = postSolution
		SolutionGuid = {7ED4168B-5C9B-489E-ADA5-6A416B77A1C0}
	EndGlobalSection
EndGlobal
